
Microsoft Visual Studio Solution File, Format Version 10.00
# Visual Studio 2008
Project("{8BC9CEB8-8B4A-11D0-8D11-00A0C91BC942}") = "foo_grabber_python", "foo_grabber_python\foo_grabber_python.vcproj", "{6A7AB47C-94DD-41AE-9890-673AF06880A5}"
	ProjectSection(ProjectDependencies) = postProject
		{E8091321-D79D-4575-86EF-064EA1A4A20D} = {E8091321-D79D-4575-86EF-064EA1A4A20D}
		{EBFFFB4E-261D-44D3-B89C-957B31A0BF9C} = {EBFFFB4E-261D-44D3-B89C-957B31A0BF9C}
		{71AD2674-065B-48F5-B8B0-E1F9D3892081} = {71AD2674-065B-48F5-B8B0-E1F9D3892081}
		{36401180-205A-4D3E-AD67-9D01429944F2} = {36401180-205A-4D3E-AD67-9D01429944F2}
	EndProjectSection
EndProject
Project("{8BC9CEB8-8B4A-11D0-8D11-00A0C91BC942}") = "lyrics_grabber_sdk", "..\lyrics_grabber_sdk\lyrics_grabber_sdk.vcproj", "{36401180-205A-4D3E-AD67-9D01429944F2}"
EndProject
Project("{8BC9CEB8-8B4A-11D0-8D11-00A0C91BC942}") = "foobar2000_SDK", "..\SDK\foobar2000_SDK.vcproj", "{E8091321-D79D-4575-86EF-064EA1A4A20D}"
EndProject
Project("{8BC9CEB8-8B4A-11D0-8D11-00A0C91BC942}") = "pfc", "..\..\pfc\pfc.vcproj", "{EBFFFB4E-261D-44D3-B89C-957B31A0BF9C}"
EndProject
Project("{8BC9CEB8-8B4A-11D0-8D11-00A0C91BC942}") = "foobar2000_component_client", "..\foobar2000_component_client\foobar2000_component_client.vcproj", "{71AD2674-065B-48F5-B8B0-E1F9D3892081}"
EndProject
Global
	GlobalSection(SolutionConfigurationPlatforms) = preSolution
		Release|Win32 = Release|Win32
	EndGlobalSection
	GlobalSection(ProjectConfigurationPlatforms) = postSolution
		{6A7AB47C-94DD-41AE-9890-673AF06880A5}.Release|Win32.ActiveCfg = Release|Win32
		{6A7AB47C-94DD-41AE-9890-673AF06880A5}.Release|Win32.Build.0 = Release|Win32
		{36401180-205A-4D3E-AD67-9D01429944F2}.Release|Win32.ActiveCfg = Release|Win32
		{36401180-205A-4D3E-AD67-9D01429944F2}.Release|Win32.Build.0 = Release|Win32
		{E8091321-D79D-4575-86EF-064EA1A4A20D}.Release|Win32.ActiveCfg = Release|Win32
		{E8091321-D79D-4575-86EF-064EA1A4A20D}.Release|Win32.Build.0 = Release|Win32
		{EBFFFB4E-261D-44D3-B89C-957B31A0BF9C}.Release|Win32.ActiveCfg = Release|Win32
		{EBFFFB4E-261D-44D3-B89C-957B31A0BF9C}.Release|Win32.Build.0 = Release|Win32
		{71AD2674-065B-48F5-B8B0-E1F9D3892081}.Release|Win32.ActiveCfg = Release|Win32
		{71AD2674-065B-48F5-B8B0-E1F9D3892081}.Release|Win32.Build.0 = Release|Win32
	EndGlobalSection
	GlobalSection(SolutionProperties) = preSolution
		HideSolutionNode = FALSE
	EndGlobalSection
EndGlobal
